// !$*UTF8*$!
{
	archiveVersion = 1;
	classes = {
	};
	objectVersion = 46;
	objects = {

/* Begin PBXBuildFile section */
		16F254B51ECCCA8A00353251 /* main.cpp in Sources */ = {isa = PBXBuildFile; fileRef = 16F254B41ECCCA8A00353251 /* main.cpp */; };
		16F254BD1ECCCAC000353251 /* Board.cpp in Sources */ = {isa = PBXBuildFile; fileRef = 16F254BB1ECCCAC000353251 /* Board.cpp */; };
		16F254C01ECCCB0400353251 /* Game.cpp in Sources */ = {isa = PBXBuildFile; fileRef = 16F254BE1ECCCB0400353251 /* Game.cpp */; };
		16F254C61ECCCB8500353251 /* Player.cpp in Sources */ = {isa = PBXBuildFile; fileRef = 16F254C41ECCCB8500353251 /* Player.cpp */; };
/* End PBXBuildFile section */

/* Begin PBXCopyFilesBuildPhase section */
		16F254AF1ECCCA8A00353251 /* CopyFiles */ = {
			isa = PBXCopyFilesBuildPhase;
			buildActionMask = 2147483647;
			dstPath = /usr/share/man/man1/;
			dstSubfolderSpec = 0;
			files = (
			);
			runOnlyForDeploymentPostprocessing = 1;
		};
/* End PBXCopyFilesBuildPhase section */

/* Begin PBXFileReference section */
		16F254B11ECCCA8A00353251 /* Project 3 */ = {isa = PBXFileReference; explicitFileType = "compiled.mach-o.executable"; includeInIndex = 0; path = "Project 3"; sourceTree = BUILT_PRODUCTS_DIR; };
		16F254B41ECCCA8A00353251 /* main.cpp */ = {isa = PBXFileReference; lastKnownFileType = sourcecode.cpp.cpp; path = main.cpp; sourceTree = "<group>"; };
		16F254BB1ECCCAC000353251 /* Board.cpp */ = {isa = PBXFileReference; fileEncoding = 4; lastKnownFileType = sourcecode.cpp.cpp; path = Board.cpp; sourceTree = "<group>"; };
		16F254BC1ECCCAC000353251 /* Board.h */ = {isa = PBXFileReference; fileEncoding = 4; lastKnownFileType = sourcecode.c.h; path = Board.h; sourceTree = "<group>"; };
		16F254BE1ECCCB0400353251 /* Game.cpp */ = {isa = PBXFileReference; fileEncoding = 4; lastKnownFileType = sourcecode.cpp.cpp; path = Game.cpp; sourceTree = "<group>"; };
		16F254BF1ECCCB0400353251 /* Game.h */ = {isa = PBXFileReference; fileEncoding = 4; lastKnownFileType = sourcecode.c.h; path = Game.h; sourceTree = "<group>"; };
		16F254C21ECCCB4600353251 /* globals.h */ = {isa = PBXFileReference; fileEncoding = 4; lastKnownFileType = sourcecode.c.h; path = globals.h; sourceTree = "<group>"; };
		16F254C41ECCCB8500353251 /* Player.cpp */ = {isa = PBXFileReference; fileEncoding = 4; lastKnownFileType = sourcecode.cpp.cpp; path = Player.cpp; sourceTree = "<group>"; };
		16F254C51ECCCB8500353251 /* Player.h */ = {isa = PBXFileReference; fileEncoding = 4; lastKnownFileType = sourcecode.c.h; path = Player.h; sourceTree = "<group>"; };
/* End PBXFileReference section */

/* Begin PBXFrameworksBuildPhase section */
		16F254AE1ECCCA8A00353251 /* Frameworks */ = {
			isa = PBXFrameworksBuildPhase;
			buildActionMask = 2147483647;
			files = (
			);
			runOnlyForDeploymentPostprocessing = 0;
		};
/* End PBXFrameworksBuildPhase section */

/* Begin PBXGroup section */
		16F254A81ECCCA8A00353251 = {
			isa = PBXGroup;
			children = (
				16F254B31ECCCA8A00353251 /* Project 3 */,
				16F254B21ECCCA8A00353251 /* Products */,
			);
			sourceTree = "<group>";
		};
		16F254B21ECCCA8A00353251 /* Products */ = {
			isa = PBXGroup;
			children = (
				16F254B11ECCCA8A00353251 /* Project 3 */,
			);
			name = Products;
			sourceTree = "<group>";
		};
		16F254B31ECCCA8A00353251 /* Project 3 */ = {
			isa = PBXGroup;
			children = (
				16F254B41ECCCA8A00353251 /* main.cpp */,
				16F254BB1ECCCAC000353251 /* Board.cpp */,
				16F254BE1ECCCB0400353251 /* Game.cpp */,
				16F254C21ECCCB4600353251 /* globals.h */,
				16F254C41ECCCB8500353251 /* Player.cpp */,
				16F254C51ECCCB8500353251 /* Player.h */,
				16F254BF1ECCCB0400353251 /* Game.h */,
				16F254BC1ECCCAC000353251 /* Board.h */,
			);
			path = "Project 3";
			sourceTree = "<group>";
		};
/* End PBXGroup section */

/* Begin PBXNativeTarget section */
		16F254B01ECCCA8A00353251 /* Project 3 */ = {
			isa = PBXNativeTarget;
			buildConfigurationList = 16F254B81ECCCA8A00353251 /* Build configuration list for PBXNativeTarget "Project 3" */;
			buildPhases = (
				16F254AD1ECCCA8A00353251 /* Sources */,
				16F254AE1ECCCA8A00353251 /* Frameworks */,
				16F254AF1ECCCA8A00353251 /* CopyFiles */,
			);
			buildRules = (
			);
			dependencies = (
			);
			name = "Project 3";
			productName = "Project 3";
			productReference = 16F254B11ECCCA8A00353251 /* Project 3 */;
			productType = "com.apple.product-type.tool";
		};
/* End PBXNativeTarget section */

/* Begin PBXProject section */
		16F254A91ECCCA8A00353251 /* Project object */ = {
			isa = PBXProject;
			attributes = {
				LastUpgradeCheck = 0820;
				ORGANIZATIONNAME = Jacob;
				TargetAttributes = {
					16F254B01ECCCA8A00353251 = {
						CreatedOnToolsVersion = 8.2.1;
						ProvisioningStyle = Automatic;
					};
				};
			};
			buildConfigurationList = 16F254AC1ECCCA8A00353251 /* Build configuration list for PBXProject "Project 3" */;
			compatibilityVersion = "Xcode 3.2";
			developmentRegion = English;
			hasScannedForEncodings = 0;
			knownRegions = (
				en,
			);
			mainGroup = 16F254A81ECCCA8A00353251;
			productRefGroup = 16F254B21ECCCA8A00353251 /* Products */;
			projectDirPath = "";
			projectRoot = "";
			targets = (
				16F254B01ECCCA8A00353251 /* Project 3 */,
			);
		};
/* End PBXProject section */

/* Begin PBXSourcesBuildPhase section */
		16F254AD1ECCCA8A00353251 /* Sources */ = {
			isa = PBXSourcesBuildPhase;
			buildActionMask = 2147483647;
			files = (
				16F254C61ECCCB8500353251 /* Player.cpp in Sources */,
				16F254C01ECCCB0400353251 /* Game.cpp in Sources */,
				16F254BD1ECCCAC000353251 /* Board.cpp in Sources */,
				16F254B51ECCCA8A00353251 /* main.cpp in Sources */,
			);
			runOnlyForDeploymentPostprocessing = 0;
		};
/* End PBXSourcesBuildPhase section */

/* Begin XCBuildConfiguration section */
		16F254B61ECCCA8A00353251 /* Debug */ = {
			isa = XCBuildConfiguration;
			buildSettings = {
				ALWAYS_SEARCH_USER_PATHS = NO;
				CLANG_ANALYZER_NONNULL = YES;
				CLANG_CXX_LANGUAGE_STANDARD = "gnu++0x";
				CLANG_CXX_LIBRARY = "libc++";
				CLANG_ENABLE_MODULES = YES;
				CLANG_ENABLE_OBJC_ARC = YES;
				CLANG_WARN_BOOL_CONVERSION = YES;
				CLANG_WARN_CONSTANT_CONVERSION = YES;
				CLANG_WARN_DIRECT_OBJC_ISA_USAGE = YES_ERROR;
				CLANG_WARN_DOCUMENTATION_COMMENTS = YES;
				CLANG_WARN_EMPTY_BODY = YES;
				CLANG_WARN_ENUM_CONVERSION = YES;
				CLANG_WARN_INFINITE_RECURSION = YES;
				CLANG_WARN_INT_CONVERSION = YES;
				CLANG_WARN_OBJC_ROOT_CLASS = YES_ERROR;
				CLANG_WARN_SUSPICIOUS_MOVE = YES;
				CLANG_WARN_UNREACHABLE_CODE = YES;
				CLANG_WARN__DUPLICATE_METHOD_MATCH = YES;
				CODE_SIGN_IDENTITY = "-";
				COPY_PHASE_STRIP = NO;
				DEBUG_INFORMATION_FORMAT = dwarf;
				ENABLE_STRICT_OBJC_MSGSEND = YES;
				ENABLE_TESTABILITY = YES;
				GCC_C_LANGUAGE_STANDARD = gnu99;
				GCC_DYNAMIC_NO_PIC = NO;
				GCC_NO_COMMON_BLOCKS = YES;
				GCC_OPTIMIZATION_LEVEL = 0;
				GCC_PREPROCESSOR_DEFINITIONS = (
					"DEBUG=1",
					"$(inherited)",
				);
				GCC_WARN_64_TO_32_BIT_CONVERSION = YES;
				GCC_WARN_ABOUT_RETURN_TYPE = YES_ERROR;
				GCC_WARN_UNDECLARED_SELECTOR = YES;
				GCC_WARN_UNINITIALIZED_AUTOS = YES_AGGRESSIVE;
				GCC_WARN_UNUSED_FUNCTION = YES;
				GCC_WARN_UNUSED_VARIABLE = YES;
				MACOSX_DEPLOYMENT_TARGET = 10.11;
				MTL_ENABLE_DEBUG_INFO = YES;
				ONLY_ACTIVE_ARCH = YES;
				SDKROOT = macosx;
			};
			name = Debug;
		};
		16F254B71ECCCA8A00353251 /* Release */ = {
			isa = XCBuildConfiguration;
			buildSettings = {
				ALWAYS_SEARCH_USER_PATHS = NO;
				CLANG_ANALYZER_NONNULL = YES;
				CLANG_CXX_LANGUAGE_STANDARD = "gnu++0x";
				CLANG_CXX_LIBRARY = "libc++";
				CLANG_ENABLE_MODULES = YES;
				CLANG_ENABLE_OBJC_ARC = YES;
				CLANG_WARN_BOOL_CONVERSION = YES;
				CLANG_WARN_CONSTANT_CONVERSION = YES;
				CLANG_WARN_DIRECT_OBJC_ISA_USAGE = YES_ERROR;
				CLANG_WARN_DOCUMENTATION_COMMENTS = YES;
				CLANG_WARN_EMPTY_BODY = YES;
				CLANG_WARN_ENUM_CONVERSION = YES;
				CLANG_WARN_INFINITE_RECURSION = YES;
				CLANG_WARN_INT_CONVERSION = YES;
				CLANG_WARN_OBJC_ROOT_CLASS = YES_ERROR;
				CLANG_WARN_SUSPICIOUS_MOVE = YES;
				CLANG_WARN_UNREACHABLE_CODE = YES;
				CLANG_WARN__DUPLICATE_METHOD_MATCH = YES;
				CODE_SIGN_IDENTITY = "-";
				COPY_PHASE_STRIP = NO;
				DEBUG_INFORMATION_FORMAT = "dwarf-with-dsym";
				ENABLE_NS_ASSERTIONS = NO;
				ENABLE_STRICT_OBJC_MSGSEND = YES;
				GCC_C_LANGUAGE_STANDARD = gnu99;
				GCC_NO_COMMON_BLOCKS = YES;
				GCC_WARN_64_TO_32_BIT_CONVERSION = YES;
				GCC_WARN_ABOUT_RETURN_TYPE = YES_ERROR;
				GCC_WARN_UNDECLARED_SELECTOR = YES;
				GCC_WARN_UNINITIALIZED_AUTOS = YES_AGGRESSIVE;
				GCC_WARN_UNUSED_FUNCTION = YES;
				GCC_WARN_UNUSED_VARIABLE = YES;
				MACOSX_DEPLOYMENT_TARGET = 10.11;
				MTL_ENABLE_DEBUG_INFO = NO;
				SDKROOT = macosx;
			};
			name = Release;
		};
		16F254B91ECCCA8A00353251 /* Debug */ = {
			isa = XCBuildConfiguration;
			buildSettings = {
				PRODUCT_NAME = "$(TARGET_NAME)";
			};
			name = Debug;
		};
		16F254BA1ECCCA8A00353251 /* Release */ = {
			isa = XCBuildConfiguration;
			buildSettings = {
				PRODUCT_NAME = "$(TARGET_NAME)";
			};
			name = Release;
		};
/* End XCBuildConfiguration section */

/* Begin XCConfigurationList section */
		16F254AC1ECCCA8A00353251 /* Build configuration list for PBXProject "Project 3" */ = {
			isa = XCConfigurationList;
			buildConfigurations = (
				16F254B61ECCCA8A00353251 /* Debug */,
				16F254B71ECCCA8A00353251 /* Release */,
			);
			defaultConfigurationIsVisible = 0;
			defaultConfigurationName = Release;
		};
		16F254B81ECCCA8A00353251 /* Build configuration list for PBXNativeTarget "Project 3" */ = {
			isa = XCConfigurationList;
			buildConfigurations = (
				16F254B91ECCCA8A00353251 /* Debug */,
				16F254BA1ECCCA8A00353251 /* Release */,
			);
			defaultConfigurationIsVisible = 0;
		};
/* End XCConfigurationList section */
	};
	rootObject = 16F254A91ECCCA8A00353251 /* Project object */;
}
