// !$*UTF8*$!
{
	archiveVersion = 1;
	classes = {
	};
	objectVersion = 46;
	objects = {

/* Begin PBXBuildFile section */
		1602D5E01EA46D0F00F4CC50 /* testSSNSet.cpp in Sources */ = {isa = PBXBuildFile; fileRef = 1602D5DF1EA46D0F00F4CC50 /* testSSNSet.cpp */; };
		1602D5E81EA46D2400F4CC50 /* SSNSet.cpp in Sources */ = {isa = PBXBuildFile; fileRef = 1602D5E61EA46D2400F4CC50 /* SSNSet.cpp */; };
		1602D5EB1EA46DC400F4CC50 /* Set.cpp in Sources */ = {isa = PBXBuildFile; fileRef = 1602D5E91EA46DC400F4CC50 /* Set.cpp */; };
/* End PBXBuildFile section */

/* Begin PBXCopyFilesBuildPhase section */
		1602D5DA1EA46D0F00F4CC50 /* CopyFiles */ = {
			isa = PBXCopyFilesBuildPhase;
			buildActionMask = 2147483647;
			dstPath = /usr/share/man/man1/;
			dstSubfolderSpec = 0;
			files = (
			);
			runOnlyForDeploymentPostprocessing = 1;
		};
/* End PBXCopyFilesBuildPhase section */

/* Begin PBXFileReference section */
		1602D5DC1EA46D0F00F4CC50 /* SSNSet */ = {isa = PBXFileReference; explicitFileType = "compiled.mach-o.executable"; includeInIndex = 0; path = SSNSet; sourceTree = BUILT_PRODUCTS_DIR; };
		1602D5DF1EA46D0F00F4CC50 /* testSSNSet.cpp */ = {isa = PBXFileReference; lastKnownFileType = sourcecode.cpp.cpp; path = testSSNSet.cpp; sourceTree = "<group>"; };
		1602D5E61EA46D2400F4CC50 /* SSNSet.cpp */ = {isa = PBXFileReference; fileEncoding = 4; lastKnownFileType = sourcecode.cpp.cpp; path = SSNSet.cpp; sourceTree = "<group>"; };
		1602D5E71EA46D2400F4CC50 /* SSNSet.h */ = {isa = PBXFileReference; fileEncoding = 4; lastKnownFileType = sourcecode.c.h; path = SSNSet.h; sourceTree = "<group>"; };
		1602D5E91EA46DC400F4CC50 /* Set.cpp */ = {isa = PBXFileReference; fileEncoding = 4; lastKnownFileType = sourcecode.cpp.cpp; path = Set.cpp; sourceTree = "<group>"; };
		1602D5EA1EA46DC400F4CC50 /* Set.h */ = {isa = PBXFileReference; fileEncoding = 4; lastKnownFileType = sourcecode.c.h; path = Set.h; sourceTree = "<group>"; };
/* End PBXFileReference section */

/* Begin PBXFrameworksBuildPhase section */
		1602D5D91EA46D0F00F4CC50 /* Frameworks */ = {
			isa = PBXFrameworksBuildPhase;
			buildActionMask = 2147483647;
			files = (
			);
			runOnlyForDeploymentPostprocessing = 0;
		};
/* End PBXFrameworksBuildPhase section */

/* Begin PBXGroup section */
		1602D5D31EA46D0F00F4CC50 = {
			isa = PBXGroup;
			children = (
				1602D5DE1EA46D0F00F4CC50 /* SSNSet */,
				1602D5DD1EA46D0F00F4CC50 /* Products */,
			);
			sourceTree = "<group>";
		};
		1602D5DD1EA46D0F00F4CC50 /* Products */ = {
			isa = PBXGroup;
			children = (
				1602D5DC1EA46D0F00F4CC50 /* SSNSet */,
			);
			name = Products;
			sourceTree = "<group>";
		};
		1602D5DE1EA46D0F00F4CC50 /* SSNSet */ = {
			isa = PBXGroup;
			children = (
				1602D5DF1EA46D0F00F4CC50 /* testSSNSet.cpp */,
				1602D5E61EA46D2400F4CC50 /* SSNSet.cpp */,
				1602D5E71EA46D2400F4CC50 /* SSNSet.h */,
				1602D5E91EA46DC400F4CC50 /* Set.cpp */,
				1602D5EA1EA46DC400F4CC50 /* Set.h */,
			);
			path = SSNSet;
			sourceTree = "<group>";
		};
/* End PBXGroup section */

/* Begin PBXNativeTarget section */
		1602D5DB1EA46D0F00F4CC50 /* SSNSet */ = {
			isa = PBXNativeTarget;
			buildConfigurationList = 1602D5E31EA46D0F00F4CC50 /* Build configuration list for PBXNativeTarget "SSNSet" */;
			buildPhases = (
				1602D5D81EA46D0F00F4CC50 /* Sources */,
				1602D5D91EA46D0F00F4CC50 /* Frameworks */,
				1602D5DA1EA46D0F00F4CC50 /* CopyFiles */,
			);
			buildRules = (
			);
			dependencies = (
			);
			name = SSNSet;
			productName = SSNSet;
			productReference = 1602D5DC1EA46D0F00F4CC50 /* SSNSet */;
			productType = "com.apple.product-type.tool";
		};
/* End PBXNativeTarget section */

/* Begin PBXProject section */
		1602D5D41EA46D0F00F4CC50 /* Project object */ = {
			isa = PBXProject;
			attributes = {
				LastUpgradeCheck = 0820;
				ORGANIZATIONNAME = Jacob;
				TargetAttributes = {
					1602D5DB1EA46D0F00F4CC50 = {
						CreatedOnToolsVersion = 8.2.1;
						ProvisioningStyle = Automatic;
					};
				};
			};
			buildConfigurationList = 1602D5D71EA46D0F00F4CC50 /* Build configuration list for PBXProject "SSNSet" */;
			compatibilityVersion = "Xcode 3.2";
			developmentRegion = English;
			hasScannedForEncodings = 0;
			knownRegions = (
				en,
			);
			mainGroup = 1602D5D31EA46D0F00F4CC50;
			productRefGroup = 1602D5DD1EA46D0F00F4CC50 /* Products */;
			projectDirPath = "";
			projectRoot = "";
			targets = (
				1602D5DB1EA46D0F00F4CC50 /* SSNSet */,
			);
		};
/* End PBXProject section */

/* Begin PBXSourcesBuildPhase section */
		1602D5D81EA46D0F00F4CC50 /* Sources */ = {
			isa = PBXSourcesBuildPhase;
			buildActionMask = 2147483647;
			files = (
				1602D5EB1EA46DC400F4CC50 /* Set.cpp in Sources */,
				1602D5E01EA46D0F00F4CC50 /* testSSNSet.cpp in Sources */,
				1602D5E81EA46D2400F4CC50 /* SSNSet.cpp in Sources */,
			);
			runOnlyForDeploymentPostprocessing = 0;
		};
/* End PBXSourcesBuildPhase section */

/* Begin XCBuildConfiguration section */
		1602D5E11EA46D0F00F4CC50 /* Debug */ = {
			isa = XCBuildConfiguration;
			buildSettings = {
				ALWAYS_SEARCH_USER_PATHS = NO;
				CLANG_ANALYZER_NONNULL = YES;
				CLANG_CXX_LANGUAGE_STANDARD = "gnu++0x";
				CLANG_CXX_LIBRARY = "libc++";
				CLANG_ENABLE_MODULES = YES;
				CLANG_ENABLE_OBJC_ARC = YES;
				CLANG_WARN_BOOL_CONVERSION = YES;
				CLANG_WARN_CONSTANT_CONVERSION = YES;
				CLANG_WARN_DIRECT_OBJC_ISA_USAGE = YES_ERROR;
				CLANG_WARN_DOCUMENTATION_COMMENTS = YES;
				CLANG_WARN_EMPTY_BODY = YES;
				CLANG_WARN_ENUM_CONVERSION = YES;
				CLANG_WARN_INFINITE_RECURSION = YES;
				CLANG_WARN_INT_CONVERSION = YES;
				CLANG_WARN_OBJC_ROOT_CLASS = YES_ERROR;
				CLANG_WARN_SUSPICIOUS_MOVE = YES;
				CLANG_WARN_UNREACHABLE_CODE = YES;
				CLANG_WARN__DUPLICATE_METHOD_MATCH = YES;
				CODE_SIGN_IDENTITY = "-";
				COPY_PHASE_STRIP = NO;
				DEBUG_INFORMATION_FORMAT = dwarf;
				ENABLE_STRICT_OBJC_MSGSEND = YES;
				ENABLE_TESTABILITY = YES;
				GCC_C_LANGUAGE_STANDARD = gnu99;
				GCC_DYNAMIC_NO_PIC = NO;
				GCC_NO_COMMON_BLOCKS = YES;
				GCC_OPTIMIZATION_LEVEL = 0;
				GCC_PREPROCESSOR_DEFINITIONS = (
					"DEBUG=1",
					"$(inherited)",
				);
				GCC_WARN_64_TO_32_BIT_CONVERSION = YES;
				GCC_WARN_ABOUT_RETURN_TYPE = YES_ERROR;
				GCC_WARN_UNDECLARED_SELECTOR = YES;
				GCC_WARN_UNINITIALIZED_AUTOS = YES_AGGRESSIVE;
				GCC_WARN_UNUSED_FUNCTION = YES;
				GCC_WARN_UNUSED_VARIABLE = YES;
				MACOSX_DEPLOYMENT_TARGET = 10.11;
				MTL_ENABLE_DEBUG_INFO = YES;
				ONLY_ACTIVE_ARCH = YES;
				SDKROOT = macosx;
			};
			name = Debug;
		};
		1602D5E21EA46D0F00F4CC50 /* Release */ = {
			isa = XCBuildConfiguration;
			buildSettings = {
				ALWAYS_SEARCH_USER_PATHS = NO;
				CLANG_ANALYZER_NONNULL = YES;
				CLANG_CXX_LANGUAGE_STANDARD = "gnu++0x";
				CLANG_CXX_LIBRARY = "libc++";
				CLANG_ENABLE_MODULES = YES;
				CLANG_ENABLE_OBJC_ARC = YES;
				CLANG_WARN_BOOL_CONVERSION = YES;
				CLANG_WARN_CONSTANT_CONVERSION = YES;
				CLANG_WARN_DIRECT_OBJC_ISA_USAGE = YES_ERROR;
				CLANG_WARN_DOCUMENTATION_COMMENTS = YES;
				CLANG_WARN_EMPTY_BODY = YES;
				CLANG_WARN_ENUM_CONVERSION = YES;
				CLANG_WARN_INFINITE_RECURSION = YES;
				CLANG_WARN_INT_CONVERSION = YES;
				CLANG_WARN_OBJC_ROOT_CLASS = YES_ERROR;
				CLANG_WARN_SUSPICIOUS_MOVE = YES;
				CLANG_WARN_UNREACHABLE_CODE = YES;
				CLANG_WARN__DUPLICATE_METHOD_MATCH = YES;
				CODE_SIGN_IDENTITY = "-";
				COPY_PHASE_STRIP = NO;
				DEBUG_INFORMATION_FORMAT = "dwarf-with-dsym";
				ENABLE_NS_ASSERTIONS = NO;
				ENABLE_STRICT_OBJC_MSGSEND = YES;
				GCC_C_LANGUAGE_STANDARD = gnu99;
				GCC_NO_COMMON_BLOCKS = YES;
				GCC_WARN_64_TO_32_BIT_CONVERSION = YES;
				GCC_WARN_ABOUT_RETURN_TYPE = YES_ERROR;
				GCC_WARN_UNDECLARED_SELECTOR = YES;
				GCC_WARN_UNINITIALIZED_AUTOS = YES_AGGRESSIVE;
				GCC_WARN_UNUSED_FUNCTION = YES;
				GCC_WARN_UNUSED_VARIABLE = YES;
				MACOSX_DEPLOYMENT_TARGET = 10.11;
				MTL_ENABLE_DEBUG_INFO = NO;
				SDKROOT = macosx;
			};
			name = Release;
		};
		1602D5E41EA46D0F00F4CC50 /* Debug */ = {
			isa = XCBuildConfiguration;
			buildSettings = {
				PRODUCT_NAME = "$(TARGET_NAME)";
			};
			name = Debug;
		};
		1602D5E51EA46D0F00F4CC50 /* Release */ = {
			isa = XCBuildConfiguration;
			buildSettings = {
				PRODUCT_NAME = "$(TARGET_NAME)";
			};
			name = Release;
		};
/* End XCBuildConfiguration section */

/* Begin XCConfigurationList section */
		1602D5D71EA46D0F00F4CC50 /* Build configuration list for PBXProject "SSNSet" */ = {
			isa = XCConfigurationList;
			buildConfigurations = (
				1602D5E11EA46D0F00F4CC50 /* Debug */,
				1602D5E21EA46D0F00F4CC50 /* Release */,
			);
			defaultConfigurationIsVisible = 0;
			defaultConfigurationName = Release;
		};
		1602D5E31EA46D0F00F4CC50 /* Build configuration list for PBXNativeTarget "SSNSet" */ = {
			isa = XCConfigurationList;
			buildConfigurations = (
				1602D5E41EA46D0F00F4CC50 /* Debug */,
				1602D5E51EA46D0F00F4CC50 /* Release */,
			);
			defaultConfigurationIsVisible = 0;
		};
/* End XCConfigurationList section */
	};
	rootObject = 1602D5D41EA46D0F00F4CC50 /* Project object */;
}
