// !$*UTF8*$!
{
	archiveVersion = 1;
	classes = {
	};
	objectVersion = 46;
	objects = {

/* Begin PBXBuildFile section */
		1602D5D21EA4681200F4CC50 /* testSet.cpp in Sources */ = {isa = PBXBuildFile; fileRef = 1602D5D01EA4681200F4CC50 /* testSet.cpp */; };
		16FCEE6E1EA329A6002371E3 /* Set.cpp in Sources */ = {isa = PBXBuildFile; fileRef = 16FCEE6C1EA329A6002371E3 /* Set.cpp */; };
		16FCEE711EA35847002371E3 /* SSNSet.cpp in Sources */ = {isa = PBXBuildFile; fileRef = 16FCEE6F1EA35847002371E3 /* SSNSet.cpp */; };
		16FCEE741EA368B6002371E3 /* newSet.cpp in Sources */ = {isa = PBXBuildFile; fileRef = 16FCEE721EA368B6002371E3 /* newSet.cpp */; };
		16FCEE771EA36929002371E3 /* testSSNSet.cpp in Sources */ = {isa = PBXBuildFile; fileRef = 16FCEE751EA36929002371E3 /* testSSNSet.cpp */; };
		16FCEE7A1EA36951002371E3 /* testnewSet.cpp in Sources */ = {isa = PBXBuildFile; fileRef = 16FCEE781EA36951002371E3 /* testnewSet.cpp */; };
/* End PBXBuildFile section */

/* Begin PBXCopyFilesBuildPhase section */
		16FCEE601EA32959002371E3 /* CopyFiles */ = {
			isa = PBXCopyFilesBuildPhase;
			buildActionMask = 2147483647;
			dstPath = /usr/share/man/man1/;
			dstSubfolderSpec = 0;
			files = (
			);
			runOnlyForDeploymentPostprocessing = 1;
		};
/* End PBXCopyFilesBuildPhase section */

/* Begin PBXFileReference section */
		1602D5D01EA4681200F4CC50 /* testSet.cpp */ = {isa = PBXFileReference; fileEncoding = 4; lastKnownFileType = sourcecode.cpp.cpp; path = testSet.cpp; sourceTree = "<group>"; };
		16FCEE621EA32959002371E3 /* Project 2 */ = {isa = PBXFileReference; explicitFileType = "compiled.mach-o.executable"; includeInIndex = 0; path = "Project 2"; sourceTree = BUILT_PRODUCTS_DIR; };
		16FCEE6C1EA329A6002371E3 /* Set.cpp */ = {isa = PBXFileReference; fileEncoding = 4; lastKnownFileType = sourcecode.cpp.cpp; path = Set.cpp; sourceTree = "<group>"; };
		16FCEE6D1EA329A6002371E3 /* Set.h */ = {isa = PBXFileReference; fileEncoding = 4; lastKnownFileType = sourcecode.c.h; path = Set.h; sourceTree = "<group>"; };
		16FCEE6F1EA35847002371E3 /* SSNSet.cpp */ = {isa = PBXFileReference; fileEncoding = 4; lastKnownFileType = sourcecode.cpp.cpp; path = SSNSet.cpp; sourceTree = "<group>"; };
		16FCEE701EA35847002371E3 /* SSNSet.h */ = {isa = PBXFileReference; fileEncoding = 4; lastKnownFileType = sourcecode.c.h; path = SSNSet.h; sourceTree = "<group>"; };
		16FCEE721EA368B6002371E3 /* newSet.cpp */ = {isa = PBXFileReference; fileEncoding = 4; lastKnownFileType = sourcecode.cpp.cpp; path = newSet.cpp; sourceTree = "<group>"; };
		16FCEE731EA368B6002371E3 /* newSet.h */ = {isa = PBXFileReference; fileEncoding = 4; lastKnownFileType = sourcecode.c.h; path = newSet.h; sourceTree = "<group>"; };
		16FCEE751EA36929002371E3 /* testSSNSet.cpp */ = {isa = PBXFileReference; fileEncoding = 4; lastKnownFileType = sourcecode.cpp.cpp; path = testSSNSet.cpp; sourceTree = "<group>"; };
		16FCEE781EA36951002371E3 /* testnewSet.cpp */ = {isa = PBXFileReference; fileEncoding = 4; lastKnownFileType = sourcecode.cpp.cpp; path = testnewSet.cpp; sourceTree = "<group>"; };
/* End PBXFileReference section */

/* Begin PBXFrameworksBuildPhase section */
		16FCEE5F1EA32959002371E3 /* Frameworks */ = {
			isa = PBXFrameworksBuildPhase;
			buildActionMask = 2147483647;
			files = (
			);
			runOnlyForDeploymentPostprocessing = 0;
		};
/* End PBXFrameworksBuildPhase section */

/* Begin PBXGroup section */
		16FCEE591EA32959002371E3 = {
			isa = PBXGroup;
			children = (
				16FCEE641EA32959002371E3 /* Project 2 */,
				16FCEE631EA32959002371E3 /* Products */,
			);
			sourceTree = "<group>";
		};
		16FCEE631EA32959002371E3 /* Products */ = {
			isa = PBXGroup;
			children = (
				16FCEE621EA32959002371E3 /* Project 2 */,
			);
			name = Products;
			sourceTree = "<group>";
		};
		16FCEE641EA32959002371E3 /* Project 2 */ = {
			isa = PBXGroup;
			children = (
				16FCEE6F1EA35847002371E3 /* SSNSet.cpp */,
				16FCEE701EA35847002371E3 /* SSNSet.h */,
				16FCEE6C1EA329A6002371E3 /* Set.cpp */,
				16FCEE721EA368B6002371E3 /* newSet.cpp */,
				16FCEE731EA368B6002371E3 /* newSet.h */,
				1602D5D01EA4681200F4CC50 /* testSet.cpp */,
				16FCEE751EA36929002371E3 /* testSSNSet.cpp */,
				16FCEE781EA36951002371E3 /* testnewSet.cpp */,
				16FCEE6D1EA329A6002371E3 /* Set.h */,
			);
			path = "Project 2";
			sourceTree = "<group>";
		};
/* End PBXGroup section */

/* Begin PBXNativeTarget section */
		16FCEE611EA32959002371E3 /* Project 2 */ = {
			isa = PBXNativeTarget;
			buildConfigurationList = 16FCEE691EA32959002371E3 /* Build configuration list for PBXNativeTarget "Project 2" */;
			buildPhases = (
				16FCEE5E1EA32959002371E3 /* Sources */,
				16FCEE5F1EA32959002371E3 /* Frameworks */,
				16FCEE601EA32959002371E3 /* CopyFiles */,
			);
			buildRules = (
			);
			dependencies = (
			);
			name = "Project 2";
			productName = "Project 2";
			productReference = 16FCEE621EA32959002371E3 /* Project 2 */;
			productType = "com.apple.product-type.tool";
		};
/* End PBXNativeTarget section */

/* Begin PBXProject section */
		16FCEE5A1EA32959002371E3 /* Project object */ = {
			isa = PBXProject;
			attributes = {
				LastUpgradeCheck = 0820;
				ORGANIZATIONNAME = Jacob;
				TargetAttributes = {
					16FCEE611EA32959002371E3 = {
						CreatedOnToolsVersion = 8.2.1;
						ProvisioningStyle = Automatic;
					};
				};
			};
			buildConfigurationList = 16FCEE5D1EA32959002371E3 /* Build configuration list for PBXProject "Project 2" */;
			compatibilityVersion = "Xcode 3.2";
			developmentRegion = English;
			hasScannedForEncodings = 0;
			knownRegions = (
				en,
			);
			mainGroup = 16FCEE591EA32959002371E3;
			productRefGroup = 16FCEE631EA32959002371E3 /* Products */;
			projectDirPath = "";
			projectRoot = "";
			targets = (
				16FCEE611EA32959002371E3 /* Project 2 */,
			);
		};
/* End PBXProject section */

/* Begin PBXSourcesBuildPhase section */
		16FCEE5E1EA32959002371E3 /* Sources */ = {
			isa = PBXSourcesBuildPhase;
			buildActionMask = 2147483647;
			files = (
				16FCEE6E1EA329A6002371E3 /* Set.cpp in Sources */,
				16FCEE741EA368B6002371E3 /* newSet.cpp in Sources */,
				1602D5D21EA4681200F4CC50 /* testSet.cpp in Sources */,
				16FCEE771EA36929002371E3 /* testSSNSet.cpp in Sources */,
				16FCEE7A1EA36951002371E3 /* testnewSet.cpp in Sources */,
				16FCEE711EA35847002371E3 /* SSNSet.cpp in Sources */,
			);
			runOnlyForDeploymentPostprocessing = 0;
		};
/* End PBXSourcesBuildPhase section */

/* Begin XCBuildConfiguration section */
		16FCEE671EA32959002371E3 /* Debug */ = {
			isa = XCBuildConfiguration;
			buildSettings = {
				ALWAYS_SEARCH_USER_PATHS = NO;
				CLANG_ANALYZER_NONNULL = YES;
				CLANG_CXX_LANGUAGE_STANDARD = "gnu++0x";
				CLANG_CXX_LIBRARY = "libc++";
				CLANG_ENABLE_MODULES = YES;
				CLANG_ENABLE_OBJC_ARC = YES;
				CLANG_WARN_BOOL_CONVERSION = YES;
				CLANG_WARN_CONSTANT_CONVERSION = YES;
				CLANG_WARN_DIRECT_OBJC_ISA_USAGE = YES_ERROR;
				CLANG_WARN_DOCUMENTATION_COMMENTS = YES;
				CLANG_WARN_EMPTY_BODY = YES;
				CLANG_WARN_ENUM_CONVERSION = YES;
				CLANG_WARN_INFINITE_RECURSION = YES;
				CLANG_WARN_INT_CONVERSION = YES;
				CLANG_WARN_OBJC_ROOT_CLASS = YES_ERROR;
				CLANG_WARN_SUSPICIOUS_MOVE = YES;
				CLANG_WARN_UNREACHABLE_CODE = YES;
				CLANG_WARN__DUPLICATE_METHOD_MATCH = YES;
				CODE_SIGN_IDENTITY = "-";
				COPY_PHASE_STRIP = NO;
				DEBUG_INFORMATION_FORMAT = dwarf;
				ENABLE_STRICT_OBJC_MSGSEND = YES;
				ENABLE_TESTABILITY = YES;
				GCC_C_LANGUAGE_STANDARD = gnu99;
				GCC_DYNAMIC_NO_PIC = NO;
				GCC_NO_COMMON_BLOCKS = YES;
				GCC_OPTIMIZATION_LEVEL = 0;
				GCC_PREPROCESSOR_DEFINITIONS = (
					"DEBUG=1",
					"$(inherited)",
				);
				GCC_WARN_64_TO_32_BIT_CONVERSION = YES;
				GCC_WARN_ABOUT_RETURN_TYPE = YES_ERROR;
				GCC_WARN_UNDECLARED_SELECTOR = YES;
				GCC_WARN_UNINITIALIZED_AUTOS = YES_AGGRESSIVE;
				GCC_WARN_UNUSED_FUNCTION = YES;
				GCC_WARN_UNUSED_VARIABLE = YES;
				MACOSX_DEPLOYMENT_TARGET = 10.11;
				MTL_ENABLE_DEBUG_INFO = YES;
				ONLY_ACTIVE_ARCH = YES;
				SDKROOT = macosx;
			};
			name = Debug;
		};
		16FCEE681EA32959002371E3 /* Release */ = {
			isa = XCBuildConfiguration;
			buildSettings = {
				ALWAYS_SEARCH_USER_PATHS = NO;
				CLANG_ANALYZER_NONNULL = YES;
				CLANG_CXX_LANGUAGE_STANDARD = "gnu++0x";
				CLANG_CXX_LIBRARY = "libc++";
				CLANG_ENABLE_MODULES = YES;
				CLANG_ENABLE_OBJC_ARC = YES;
				CLANG_WARN_BOOL_CONVERSION = YES;
				CLANG_WARN_CONSTANT_CONVERSION = YES;
				CLANG_WARN_DIRECT_OBJC_ISA_USAGE = YES_ERROR;
				CLANG_WARN_DOCUMENTATION_COMMENTS = YES;
				CLANG_WARN_EMPTY_BODY = YES;
				CLANG_WARN_ENUM_CONVERSION = YES;
				CLANG_WARN_INFINITE_RECURSION = YES;
				CLANG_WARN_INT_CONVERSION = YES;
				CLANG_WARN_OBJC_ROOT_CLASS = YES_ERROR;
				CLANG_WARN_SUSPICIOUS_MOVE = YES;
				CLANG_WARN_UNREACHABLE_CODE = YES;
				CLANG_WARN__DUPLICATE_METHOD_MATCH = YES;
				CODE_SIGN_IDENTITY = "-";
				COPY_PHASE_STRIP = NO;
				DEBUG_INFORMATION_FORMAT = "dwarf-with-dsym";
				ENABLE_NS_ASSERTIONS = NO;
				ENABLE_STRICT_OBJC_MSGSEND = YES;
				GCC_C_LANGUAGE_STANDARD = gnu99;
				GCC_NO_COMMON_BLOCKS = YES;
				GCC_WARN_64_TO_32_BIT_CONVERSION = YES;
				GCC_WARN_ABOUT_RETURN_TYPE = YES_ERROR;
				GCC_WARN_UNDECLARED_SELECTOR = YES;
				GCC_WARN_UNINITIALIZED_AUTOS = YES_AGGRESSIVE;
				GCC_WARN_UNUSED_FUNCTION = YES;
				GCC_WARN_UNUSED_VARIABLE = YES;
				MACOSX_DEPLOYMENT_TARGET = 10.11;
				MTL_ENABLE_DEBUG_INFO = NO;
				SDKROOT = macosx;
			};
			name = Release;
		};
		16FCEE6A1EA32959002371E3 /* Debug */ = {
			isa = XCBuildConfiguration;
			buildSettings = {
				PRODUCT_NAME = "$(TARGET_NAME)";
			};
			name = Debug;
		};
		16FCEE6B1EA32959002371E3 /* Release */ = {
			isa = XCBuildConfiguration;
			buildSettings = {
				PRODUCT_NAME = "$(TARGET_NAME)";
			};
			name = Release;
		};
/* End XCBuildConfiguration section */

/* Begin XCConfigurationList section */
		16FCEE5D1EA32959002371E3 /* Build configuration list for PBXProject "Project 2" */ = {
			isa = XCConfigurationList;
			buildConfigurations = (
				16FCEE671EA32959002371E3 /* Debug */,
				16FCEE681EA32959002371E3 /* Release */,
			);
			defaultConfigurationIsVisible = 0;
			defaultConfigurationName = Release;
		};
		16FCEE691EA32959002371E3 /* Build configuration list for PBXNativeTarget "Project 2" */ = {
			isa = XCConfigurationList;
			buildConfigurations = (
				16FCEE6A1EA32959002371E3 /* Debug */,
				16FCEE6B1EA32959002371E3 /* Release */,
			);
			defaultConfigurationIsVisible = 0;
			defaultConfigurationName = Release;
		};
/* End XCConfigurationList section */
	};
	rootObject = 16FCEE5A1EA32959002371E3 /* Project object */;
}
